
Microsoft Visual Studio Solution File, Format Version 12.00
# Visual Studio 15
VisualStudioVersion = 15.0.28307.329
MinimumVisualStudioVersion = 10.0.40219.1
Project("{FAE04EC0-301F-11D3-BF4B-00C04F79EFBC}") = "PROYECTO", "PROYECTO\PROYECTO.csproj", "{A3B8B77A-7528-4BB5-9068-B198457CC21E}"
EndProject
Project("{FAE04EC0-301F-11D3-BF4B-00C04F79EFBC}") = "BLL", "BLL\BLL.csproj", "{3824147E-E17F-4C0B-B8D5-3FB70965A843}"
EndProject
Project("{FAE04EC0-301F-11D3-BF4B-00C04F79EFBC}") = "Entity", "Entity\Entity.csproj", "{021014F1-68C4-4ED2-B763-2402E8BA6676}"
EndProject
Project("{FAE04EC0-301F-11D3-BF4B-00C04F79EFBC}") = "DAL", "DAL\DAL.csproj", "{32F802DE-BF9F-40E4-BA87-41613FE4EFCE}"
EndProject
Global
	GlobalSection(SolutionConfigurationPlatforms) = preSolution
		Debug|Any CPU = Debug|Any CPU
		Release|Any CPU = Release|Any CPU
	EndGlobalSection
	GlobalSection(ProjectConfigurationPlatforms) = postSolution
		{A3B8B77A-7528-4BB5-9068-B198457CC21E}.Debug|Any CPU.ActiveCfg = Debug|Any CPU
		{A3B8B77A-7528-4BB5-9068-B198457CC21E}.Debug|Any CPU.Build.0 = Debug|Any CPU
		{A3B8B77A-7528-4BB5-9068-B198457CC21E}.Release|Any CPU.ActiveCfg = Release|Any CPU
		{A3B8B77A-7528-4BB5-9068-B198457CC21E}.Release|Any CPU.Build.0 = Release|Any CPU
		{3824147E-E17F-4C0B-B8D5-3FB70965A843}.Debug|Any CPU.ActiveCfg = Debug|Any CPU
		{3824147E-E17F-4C0B-B8D5-3FB70965A843}.Debug|Any CPU.Build.0 = Debug|Any CPU
		{3824147E-E17F-4C0B-B8D5-3FB70965A843}.Release|Any CPU.ActiveCfg = Release|Any CPU
		{3824147E-E17F-4C0B-B8D5-3FB70965A843}.Release|Any CPU.Build.0 = Release|Any CPU
		{021014F1-68C4-4ED2-B763-2402E8BA6676}.Debug|Any CPU.ActiveCfg = Debug|Any CPU
		{021014F1-68C4-4ED2-B763-2402E8BA6676}.Debug|Any CPU.Build.0 = Debug|Any CPU
		{021014F1-68C4-4ED2-B763-2402E8BA6676}.Release|Any CPU.ActiveCfg = Release|Any CPU
		{021014F1-68C4-4ED2-B763-2402E8BA6676}.Release|Any CPU.Build.0 = Release|Any CPU
		{32F802DE-BF9F-40E4-BA87-41613FE4EFCE}.Debug|Any CPU.ActiveCfg = Debug|Any CPU
		{32F802DE-BF9F-40E4-BA87-41613FE4EFCE}.Debug|Any CPU.Build.0 = Debug|Any CPU
		{32F802DE-BF9F-40E4-BA87-41613FE4EFCE}.Release|Any CPU.ActiveCfg = Release|Any CPU
		{32F802DE-BF9F-40E4-BA87-41613FE4EFCE}.Release|Any CPU.Build.0 = Release|Any CPU
	EndGlobalSection
	GlobalSection(SolutionProperties) = preSolution
		HideSolutionNode = FALSE
	EndGlobalSection
	GlobalSection(ExtensibilityGlobals) = postSolution
		SolutionGuid = {4C8E81D2-1809-4F15-8CD3-EA1EC11DA98C}
	EndGlobalSection
EndGlobal
